Microsoft Visual Studio Solution File, Format Version 11.00
# Visual Studio 2008

Project("{30EF230F-2510-6742-549E-22B47A8F23BA}") = "Sound_game", "Assembly-CSharp.csproj", "{97E142CC-EA9D-03E5-7D15-9B5C3C256D4F}"
EndProject
Global
	GlobalSection(SolutionConfigurationPlatforms) = preSolution
		Debug|Any CPU = Debug|Any CPU
		Release|Any CPU = Release|Any CPU
	EndGlobalSection
	GlobalSection(ProjectConfigurationPlatforms) = postSolution
		{97E142CC-EA9D-03E5-7D15-9B5C3C256D4F}.Debug|Any CPU.ActiveCfg = Debug|Any CPU
		{97E142CC-EA9D-03E5-7D15-9B5C3C256D4F}.Debug|Any CPU.Build.0 = Debug|Any CPU
		{97E142CC-EA9D-03E5-7D15-9B5C3C256D4F}.Release|Any CPU.ActiveCfg = Release|Any CPU
		{97E142CC-EA9D-03E5-7D15-9B5C3C256D4F}.Release|Any CPU.Build.0 = Release|Any CPU
	EndGlobalSection
	GlobalSection(SolutionProperties) = preSolution
		HideSolutionNode = FALSE
	EndGlobalSection
	GlobalSection(MonoDevelopProperties) = preSolution
		StartupItem = Assembly-CSharp.csproj
	EndGlobalSection
EndGlobal
